{
  "version": 4,
  "terraform_version": "1.3.6",
  "serial": 42,
  "lineage": "8dc95f81-ee17-91ea-b2cb-5080f859076e",
  "outputs": {},
  "resources": [
    {
      "mode": "managed",
      "type": "azurerm_linux_web_app",
      "name": "app",
      "provider": "provider[\"registry.terraform.io/hashicorp/azurerm\"]",
      "instances": [
        {
          "schema_version": 0,
          "attributes": {
            "app_settings": {
              "DOCKER_REGISTRY_SERVER_PASSWORD": "WBJWdiPhnDsQUB3iKFAwRAYxV",
              "DOCKER_REGISTRY_SERVER_URL": "https://public-registry.amtmann.de/",
              "DOCKER_REGISTRY_SERVER_USERNAME": "publicregistry",
              "WEBSITES_ENABLE_APP_SERVICE_STORAGE": "false"
            },
            "auth_settings": [
              {
                "active_directory": [],
                "additional_login_parameters": {},
                "allowed_external_redirect_urls": [],
                "default_provider": "",
                "enabled": false,
                "facebook": [],
                "github": [],
                "google": [],
                "issuer": "",
                "microsoft": [],
                "runtime_version": "",
                "token_refresh_extension_hours": 0,
                "token_store_enabled": false,
                "twitter": [],
                "unauthenticated_client_action": ""
              }
            ],
            "backup": [],
            "client_affinity_enabled": false,
            "client_certificate_enabled": false,
            "client_certificate_mode": "Required",
            "connection_string": [],
            "custom_domain_verification_id": "B57FF5D9F7D9DDE22CC6B0E023D712C68E329EB616ED432384A38248AD9E7869",
            "default_hostname": "app-devops-dhbw.azurewebsites.net",
            "enabled": true,
            "https_only": false,
            "id": "/subscriptions/57ac9c1f-2fc1-40f8-9e0c-0327bda084df/resourceGroups/rg-devops/providers/Microsoft.Web/sites/app-devops-dhbw",
            "identity": [],
            "key_vault_reference_identity_id": "SystemAssigned",
            "kind": "app,linux,container",
            "location": "eastus2",
            "logs": [],
            "name": "app-devops-dhbw",
            "outbound_ip_address_list": [
              "52.177.250.139",
              "52.177.250.191",
              "52.177.251.24",
              "52.177.251.77",
              "52.177.251.129",
              "52.167.81.11",
              "20.119.144.5"
            ],
            "outbound_ip_addresses": "52.177.250.139,52.177.250.191,52.177.251.24,52.177.251.77,52.177.251.129,52.167.81.11,20.119.144.5",
            "possible_outbound_ip_address_list": [
              "52.177.250.139",
              "52.177.250.191",
              "52.177.251.24",
              "52.177.251.77",
              "52.177.251.129",
              "52.167.81.11",
              "52.167.83.248",
              "52.177.251.211",
              "52.177.252.107",
              "52.177.252.145",
              "52.177.252.237",
              "52.167.80.63",
              "52.177.253.12",
              "52.177.253.22",
              "52.177.253.102",
              "52.177.253.131",
              "52.177.253.139",
              "52.177.254.109",
              "52.184.208.28",
              "52.184.208.66",
              "52.184.208.79",
              "52.184.208.118",
              "52.184.208.155",
              "52.184.208.160",
              "20.119.144.5"
            ],
            "possible_outbound_ip_addresses": "52.177.250.139,52.177.250.191,52.177.251.24,52.177.251.77,52.177.251.129,52.167.81.11,52.167.83.248,52.177.251.211,52.177.252.107,52.177.252.145,52.177.252.237,52.167.80.63,52.177.253.12,52.177.253.22,52.177.253.102,52.177.253.131,52.177.253.139,52.177.254.109,52.184.208.28,52.184.208.66,52.184.208.79,52.184.208.118,52.184.208.155,52.184.208.160,20.119.144.5",
            "resource_group_name": "rg-devops",
            "service_plan_id": "/subscriptions/57ac9c1f-2fc1-40f8-9e0c-0327bda084df/resourceGroups/rg-devops/providers/Microsoft.Web/serverfarms/rg-devops-plan",
            "site_config": [
              {
                "always_on": false,
                "api_definition_url": "",
                "api_management_api_id": "",
                "app_command_line": "",
                "application_stack": [
                  {
                    "docker_image": "dhbwdevops",
                    "docker_image_tag": "latest",
                    "dotnet_version": "",
                    "java_server": "",
                    "java_server_version": "",
                    "java_version": "",
                    "node_version": "",
                    "php_version": "",
                    "python_version": "",
                    "ruby_version": ""
                  }
                ],
                "auto_heal_enabled": false,
                "auto_heal_setting": [],
                "container_registry_managed_identity_client_id": "",
                "container_registry_use_managed_identity": false,
                "cors": [],
                "default_documents": [
                  "Default.htm",
                  "Default.html",
                  "Default.asp",
                  "index.htm",
                  "index.html",
                  "iisstart.htm",
                  "default.aspx",
                  "index.php",
                  "hostingstart.html"
                ],
                "detailed_error_logging_enabled": false,
                "ftps_state": "Disabled",
                "health_check_eviction_time_in_min": 0,
                "health_check_path": "",
                "http2_enabled": false,
                "ip_restriction": [],
                "linux_fx_version": "DOCKER|dhbwdevops:latest",
                "load_balancing_mode": "LeastRequests",
                "local_mysql_enabled": false,
                "managed_pipeline_mode": "Integrated",
                "minimum_tls_version": "1.2",
                "remote_debugging_enabled": false,
                "remote_debugging_version": "VS2019",
                "scm_ip_restriction": [],
                "scm_minimum_tls_version": "1.2",
                "scm_type": "None",
                "scm_use_main_ip_restriction": false,
                "use_32_bit_worker": true,
                "vnet_route_all_enabled": false,
                "websockets_enabled": false,
                "worker_count": 1
              }
            ],
            "site_credential": [
              {
                "name": "$app-devops-dhbw",
                "password": "jB2ih42QTxDL0ilrbf2JzWikTt3v7MwQMLGPm2PrsoXA4udX7DkJx1FsNgj2"
              }
            ],
            "storage_account": [],
            "tags": {},
            "timeouts": null
          },
          "sensitive_attributes": [],
          "private": "eyJlMmJmYjczMC1lY2FhLTExZTYtOGY4OC0zNDM2M2JjN2M0YzAiOnsiY3JlYXRlIjoxODAwMDAwMDAwMDAwLCJkZWxldGUiOjE4MDAwMDAwMDAwMDAsInJlYWQiOjMwMDAwMDAwMDAwMCwidXBkYXRlIjoxODAwMDAwMDAwMDAwfX0=",
          "dependencies": [
            "azurerm_resource_group.rg-devops",
            "azurerm_service_plan.app-service-plan"
          ]
        }
      ]
    },
    {
      "mode": "managed",
      "type": "azurerm_resource_group",
      "name": "rg-devops",
      "provider": "provider[\"registry.terraform.io/hashicorp/azurerm\"]",
      "instances": [
        {
          "schema_version": 0,
          "attributes": {
            "id": "/subscriptions/57ac9c1f-2fc1-40f8-9e0c-0327bda084df/resourceGroups/rg-devops",
            "location": "eastus2",
            "name": "rg-devops",
            "tags": {},
            "timeouts": null
          },
          "sensitive_attributes": [],
          "private": "eyJlMmJmYjczMC1lY2FhLTExZTYtOGY4OC0zNDM2M2JjN2M0YzAiOnsiY3JlYXRlIjo1NDAwMDAwMDAwMDAwLCJkZWxldGUiOjU0MDAwMDAwMDAwMDAsInJlYWQiOjMwMDAwMDAwMDAwMCwidXBkYXRlIjo1NDAwMDAwMDAwMDAwfX0="
        }
      ]
    },
    {
      "mode": "managed",
      "type": "azurerm_service_plan",
      "name": "app-service-plan",
      "provider": "provider[\"registry.terraform.io/hashicorp/azurerm\"]",
      "instances": [
        {
          "schema_version": 0,
          "attributes": {
            "app_service_environment_id": "",
            "id": "/subscriptions/57ac9c1f-2fc1-40f8-9e0c-0327bda084df/resourceGroups/rg-devops/providers/Microsoft.Web/serverfarms/rg-devops-plan",
            "kind": "linux",
            "location": "eastus2",
            "maximum_elastic_worker_count": 1,
            "name": "rg-devops-plan",
            "os_type": "Linux",
            "per_site_scaling_enabled": false,
            "reserved": true,
            "resource_group_name": "rg-devops",
            "sku_name": "F1",
            "tags": {},
            "timeouts": null,
            "worker_count": 1
          },
          "sensitive_attributes": [],
          "private": "eyJlMmJmYjczMC1lY2FhLTExZTYtOGY4OC0zNDM2M2JjN2M0YzAiOnsiY3JlYXRlIjozNjAwMDAwMDAwMDAwLCJkZWxldGUiOjM2MDAwMDAwMDAwMDAsInJlYWQiOjMwMDAwMDAwMDAwMCwidXBkYXRlIjozNjAwMDAwMDAwMDAwfX0=",
          "dependencies": [
            "azurerm_resource_group.rg-devops"
          ]
        }
      ]
    }
  ],
  "check_results": null
}
